// !$*UTF8*$!
{
	archiveVersion = 1;
	classes = {
	};
	objectVersion = 46;
	objects = {

/* Begin PBXBuildFile section */
		343245E91B6943C4001ACFCA /* main.m in Sources */ = {isa = PBXBuildFile; fileRef = 343245E81B6943C4001ACFCA /* main.m */; };
		343245EC1B6943C4001ACFCA /* AppDelegate.m in Sources */ = {isa = PBXBuildFile; fileRef = 343245EB1B6943C4001ACFCA /* AppDelegate.m */; };
		343245EF1B6943C4001ACFCA /* ViewController.m in Sources */ = {isa = PBXBuildFile; fileRef = 343245EE1B6943C4001ACFCA /* ViewController.m */; };
		343245F21B6943C4001ACFCA /* Main.storyboard in Resources */ = {isa = PBXBuildFile; fileRef = 343245F01B6943C4001ACFCA /* Main.storyboard */; };
		343245F41B6943C4001ACFCA /* Images.xcassets in Resources */ = {isa = PBXBuildFile; fileRef = 343245F31B6943C4001ACFCA /* Images.xcassets */; };
		343245F71B6943C4001ACFCA /* LaunchScreen.xib in Resources */ = {isa = PBXBuildFile; fileRef = 343245F51B6943C4001ACFCA /* LaunchScreen.xib */; };
		343246031B6943C4001ACFCA /* WiredAdTests.m in Sources */ = {isa = PBXBuildFile; fileRef = 343246021B6943C4001ACFCA /* WiredAdTests.m */; };
		3461B57B1B695ED0007F79BB /* AdViewController.m in Sources */ = {isa = PBXBuildFile; fileRef = 3461B57A1B695ED0007F79BB /* AdViewController.m */; };
		34C05E5B1B6AA221003D4DCE /* web in Resources */ = {isa = PBXBuildFile; fileRef = 34C05E5A1B6AA221003D4DCE /* web */; };
/* End PBXBuildFile section */

/* Begin PBXContainerItemProxy section */
		343245FD1B6943C4001ACFCA /* PBXContainerItemProxy */ = {
			isa = PBXContainerItemProxy;
			containerPortal = 343245DB1B6943C4001ACFCA /* Project object */;
			proxyType = 1;
			remoteGlobalIDString = 343245E21B6943C4001ACFCA;
			remoteInfo = WiredAd;
		};
/* End PBXContainerItemProxy section */

/* Begin PBXFileReference section */
		343245E31B6943C4001ACFCA /* WiredAd.app */ = {isa = PBXFileReference; explicitFileType = wrapper.application; includeInIndex = 0; path = WiredAd.app; sourceTree = BUILT_PRODUCTS_DIR; };
		343245E71B6943C4001ACFCA /* Info.plist */ = {isa = PBXFileReference; lastKnownFileType = text.plist.xml; path = Info.plist; sourceTree = "<group>"; };
		343245E81B6943C4001ACFCA /* main.m */ = {isa = PBXFileReference; lastKnownFileType = sourcecode.c.objc; path = main.m; sourceTree = "<group>"; };
		343245EA1B6943C4001ACFCA /* AppDelegate.h */ = {isa = PBXFileReference; lastKnownFileType = sourcecode.c.h; path = AppDelegate.h; sourceTree = "<group>"; };
		343245EB1B6943C4001ACFCA /* AppDelegate.m */ = {isa = PBXFileReference; lastKnownFileType = sourcecode.c.objc; path = AppDelegate.m; sourceTree = "<group>"; };
		343245ED1B6943C4001ACFCA /* ViewController.h */ = {isa = PBXFileReference; lastKnownFileType = sourcecode.c.h; path = ViewController.h; sourceTree = "<group>"; };
		343245EE1B6943C4001ACFCA /* ViewController.m */ = {isa = PBXFileReference; lastKnownFileType = sourcecode.c.objc; path = ViewController.m; sourceTree = "<group>"; };
		343245F11B6943C4001ACFCA /* Base */ = {isa = PBXFileReference; lastKnownFileType = file.storyboard; name = Base; path = Base.lproj/Main.storyboard; sourceTree = "<group>"; };
		343245F31B6943C4001ACFCA /* Images.xcassets */ = {isa = PBXFileReference; lastKnownFileType = folder.assetcatalog; path = Images.xcassets; sourceTree = "<group>"; };
		343245F61B6943C4001ACFCA /* Base */ = {isa = PBXFileReference; lastKnownFileType = file.xib; name = Base; path = Base.lproj/LaunchScreen.xib; sourceTree = "<group>"; };
		343245FC1B6943C4001ACFCA /* WiredAdTests.xctest */ = {isa = PBXFileReference; explicitFileType = wrapper.cfbundle; includeInIndex = 0; path = WiredAdTests.xctest; sourceTree = BUILT_PRODUCTS_DIR; };
		343246011B6943C4001ACFCA /* Info.plist */ = {isa = PBXFileReference; lastKnownFileType = text.plist.xml; path = Info.plist; sourceTree = "<group>"; };
		343246021B6943C4001ACFCA /* WiredAdTests.m */ = {isa = PBXFileReference; lastKnownFileType = sourcecode.c.objc; path = WiredAdTests.m; sourceTree = "<group>"; };
		3461B5791B695ED0007F79BB /* AdViewController.h */ = {isa = PBXFileReference; fileEncoding = 4; lastKnownFileType = sourcecode.c.h; path = AdViewController.h; sourceTree = "<group>"; };
		3461B57A1B695ED0007F79BB /* AdViewController.m */ = {isa = PBXFileReference; fileEncoding = 4; lastKnownFileType = sourcecode.c.objc; path = AdViewController.m; sourceTree = "<group>"; };
		34C05E5A1B6AA221003D4DCE /* web */ = {isa = PBXFileReference; lastKnownFileType = folder; path = web; sourceTree = "<group>"; };
/* End PBXFileReference section */

/* Begin PBXFrameworksBuildPhase section */
		343245E01B6943C4001ACFCA /* Frameworks */ = {
			isa = PBXFrameworksBuildPhase;
			buildActionMask = 2147483647;
			files = (
			);
			runOnlyForDeploymentPostprocessing = 0;
		};
		343245F91B6943C4001ACFCA /* Frameworks */ = {
			isa = PBXFrameworksBuildPhase;
			buildActionMask = 2147483647;
			files = (
			);
			runOnlyForDeploymentPostprocessing = 0;
		};
/* End PBXFrameworksBuildPhase section */

/* Begin PBXGroup section */
		343245DA1B6943C4001ACFCA = {
			isa = PBXGroup;
			children = (
				343245E51B6943C4001ACFCA /* WiredAd */,
				343245FF1B6943C4001ACFCA /* WiredAdTests */,
				343245E41B6943C4001ACFCA /* Products */,
			);
			sourceTree = "<group>";
		};
		343245E41B6943C4001ACFCA /* Products */ = {
			isa = PBXGroup;
			children = (
				343245E31B6943C4001ACFCA /* WiredAd.app */,
				343245FC1B6943C4001ACFCA /* WiredAdTests.xctest */,
			);
			name = Products;
			sourceTree = "<group>";
		};
		343245E51B6943C4001ACFCA /* WiredAd */ = {
			isa = PBXGroup;
			children = (
				34C05E5A1B6AA221003D4DCE /* web */,
				343245EA1B6943C4001ACFCA /* AppDelegate.h */,
				343245EB1B6943C4001ACFCA /* AppDelegate.m */,
				343245ED1B6943C4001ACFCA /* ViewController.h */,
				343245EE1B6943C4001ACFCA /* ViewController.m */,
				3461B5791B695ED0007F79BB /* AdViewController.h */,
				3461B57A1B695ED0007F79BB /* AdViewController.m */,
				343245F01B6943C4001ACFCA /* Main.storyboard */,
				343245F31B6943C4001ACFCA /* Images.xcassets */,
				343245F51B6943C4001ACFCA /* LaunchScreen.xib */,
				343245E61B6943C4001ACFCA /* Supporting Files */,
			);
			path = WiredAd;
			sourceTree = "<group>";
		};
		343245E61B6943C4001ACFCA /* Supporting Files */ = {
			isa = PBXGroup;
			children = (
				343245E71B6943C4001ACFCA /* Info.plist */,
				343245E81B6943C4001ACFCA /* main.m */,
			);
			name = "Supporting Files";
			sourceTree = "<group>";
		};
		343245FF1B6943C4001ACFCA /* WiredAdTests */ = {
			isa = PBXGroup;
			children = (
				343246021B6943C4001ACFCA /* WiredAdTests.m */,
				343246001B6943C4001ACFCA /* Supporting Files */,
			);
			path = WiredAdTests;
			sourceTree = "<group>";
		};
		343246001B6943C4001ACFCA /* Supporting Files */ = {
			isa = PBXGroup;
			children = (
				343246011B6943C4001ACFCA /* Info.plist */,
			);
			name = "Supporting Files";
			sourceTree = "<group>";
		};
/* End PBXGroup section */

/* Begin PBXNativeTarget section */
		343245E21B6943C4001ACFCA /* WiredAd */ = {
			isa = PBXNativeTarget;
			buildConfigurationList = 343246061B6943C4001ACFCA /* Build configuration list for PBXNativeTarget "WiredAd" */;
			buildPhases = (
				343245DF1B6943C4001ACFCA /* Sources */,
				343245E01B6943C4001ACFCA /* Frameworks */,
				343245E11B6943C4001ACFCA /* Resources */,
			);
			buildRules = (
			);
			dependencies = (
			);
			name = WiredAd;
			productName = WiredAd;
			productReference = 343245E31B6943C4001ACFCA /* WiredAd.app */;
			productType = "com.apple.product-type.application";
		};
		343245FB1B6943C4001ACFCA /* WiredAdTests */ = {
			isa = PBXNativeTarget;
			buildConfigurationList = 343246091B6943C4001ACFCA /* Build configuration list for PBXNativeTarget "WiredAdTests" */;
			buildPhases = (
				343245F81B6943C4001ACFCA /* Sources */,
				343245F91B6943C4001ACFCA /* Frameworks */,
				343245FA1B6943C4001ACFCA /* Resources */,
			);
			buildRules = (
			);
			dependencies = (
				343245FE1B6943C4001ACFCA /* PBXTargetDependency */,
			);
			name = WiredAdTests;
			productName = WiredAdTests;
			productReference = 343245FC1B6943C4001ACFCA /* WiredAdTests.xctest */;
			productType = "com.apple.product-type.bundle.unit-test";
		};
/* End PBXNativeTarget section */

/* Begin PBXProject section */
		343245DB1B6943C4001ACFCA /* Project object */ = {
			isa = PBXProject;
			attributes = {
				LastUpgradeCheck = 0610;
				ORGANIZATIONNAME = "Mike Newell";
				TargetAttributes = {
					343245E21B6943C4001ACFCA = {
						CreatedOnToolsVersion = 6.1.1;
					};
					343245FB1B6943C4001ACFCA = {
						CreatedOnToolsVersion = 6.1.1;
						TestTargetID = 343245E21B6943C4001ACFCA;
					};
				};
			};
			buildConfigurationList = 343245DE1B6943C4001ACFCA /* Build configuration list for PBXProject "WiredAd" */;
			compatibilityVersion = "Xcode 3.2";
			developmentRegion = English;
			hasScannedForEncodings = 0;
			knownRegions = (
				en,
				Base,
			);
			mainGroup = 343245DA1B6943C4001ACFCA;
			productRefGroup = 343245E41B6943C4001ACFCA /* Products */;
			projectDirPath = "";
			projectRoot = "";
			targets = (
				343245E21B6943C4001ACFCA /* WiredAd */,
				343245FB1B6943C4001ACFCA /* WiredAdTests */,
			);
		};
/* End PBXProject section */

/* Begin PBXResourcesBuildPhase section */
		343245E11B6943C4001ACFCA /* Resources */ = {
			isa = PBXResourcesBuildPhase;
			buildActionMask = 2147483647;
			files = (
				343245F21B6943C4001ACFCA /* Main.storyboard in Resources */,
				34C05E5B1B6AA221003D4DCE /* web in Resources */,
				343245F71B6943C4001ACFCA /* LaunchScreen.xib in Resources */,
				343245F41B6943C4001ACFCA /* Images.xcassets in Resources */,
			);
			runOnlyForDeploymentPostprocessing = 0;
		};
		343245FA1B6943C4001ACFCA /* Resources */ = {
			isa = PBXResourcesBuildPhase;
			buildActionMask = 2147483647;
			files = (
			);
			runOnlyForDeploymentPostprocessing = 0;
		};
/* End PBXResourcesBuildPhase section */

/* Begin PBXSourcesBuildPhase section */
		343245DF1B6943C4001ACFCA /* Sources */ = {
			isa = PBXSourcesBuildPhase;
			buildActionMask = 2147483647;
			files = (
				343245EF1B6943C4001ACFCA /* ViewController.m in Sources */,
				3461B57B1B695ED0007F79BB /* AdViewController.m in Sources */,
				343245EC1B6943C4001ACFCA /* AppDelegate.m in Sources */,
				343245E91B6943C4001ACFCA /* main.m in Sources */,
			);
			runOnlyForDeploymentPostprocessing = 0;
		};
		343245F81B6943C4001ACFCA /* Sources */ = {
			isa = PBXSourcesBuildPhase;
			buildActionMask = 2147483647;
			files = (
				343246031B6943C4001ACFCA /* WiredAdTests.m in Sources */,
			);
			runOnlyForDeploymentPostprocessing = 0;
		};
/* End PBXSourcesBuildPhase section */

/* Begin PBXTargetDependency section */
		343245FE1B6943C4001ACFCA /* PBXTargetDependency */ = {
			isa = PBXTargetDependency;
			target = 343245E21B6943C4001ACFCA /* WiredAd */;
			targetProxy = 343245FD1B6943C4001ACFCA /* PBXContainerItemProxy */;
		};
/* End PBXTargetDependency section */

/* Begin PBXVariantGroup section */
		343245F01B6943C4001ACFCA /* Main.storyboard */ = {
			isa = PBXVariantGroup;
			children = (
				343245F11B6943C4001ACFCA /* Base */,
			);
			name = Main.storyboard;
			sourceTree = "<group>";
		};
		343245F51B6943C4001ACFCA /* LaunchScreen.xib */ = {
			isa = PBXVariantGroup;
			children = (
				343245F61B6943C4001ACFCA /* Base */,
			);
			name = LaunchScreen.xib;
			sourceTree = "<group>";
		};
/* End PBXVariantGroup section */

/* Begin XCBuildConfiguration section */
		343246041B6943C4001ACFCA /* Debug */ = {
			isa = XCBuildConfiguration;
			buildSettings = {
				ALWAYS_SEARCH_USER_PATHS = NO;
				CLANG_CXX_LANGUAGE_STANDARD = "gnu++0x";
				CLANG_CXX_LIBRARY = "libc++";
				CLANG_ENABLE_MODULES = YES;
				CLANG_ENABLE_OBJC_ARC = YES;
				CLANG_WARN_BOOL_CONVERSION = YES;
				CLANG_WARN_CONSTANT_CONVERSION = YES;
				CLANG_WARN_DIRECT_OBJC_ISA_USAGE = YES_ERROR;
				CLANG_WARN_EMPTY_BODY = YES;
				CLANG_WARN_ENUM_CONVERSION = YES;
				CLANG_WARN_INT_CONVERSION = YES;
				CLANG_WARN_OBJC_ROOT_CLASS = YES_ERROR;
				CLANG_WARN_UNREACHABLE_CODE = YES;
				CLANG_WARN__DUPLICATE_METHOD_MATCH = YES;
				"CODE_SIGN_IDENTITY[sdk=iphoneos*]" = "iPhone Developer";
				COPY_PHASE_STRIP = NO;
				ENABLE_STRICT_OBJC_MSGSEND = YES;
				GCC_C_LANGUAGE_STANDARD = gnu99;
				GCC_DYNAMIC_NO_PIC = NO;
				GCC_OPTIMIZATION_LEVEL = 0;
				GCC_PREPROCESSOR_DEFINITIONS = (
					"DEBUG=1",
					"$(inherited)",
				);
				GCC_SYMBOLS_PRIVATE_EXTERN = NO;
				GCC_WARN_64_TO_32_BIT_CONVERSION = YES;
				GCC_WARN_ABOUT_RETURN_TYPE = YES_ERROR;
				GCC_WARN_UNDECLARED_SELECTOR = YES;
				GCC_WARN_UNINITIALIZED_AUTOS = YES_AGGRESSIVE;
				GCC_WARN_UNUSED_FUNCTION = YES;
				GCC_WARN_UNUSED_VARIABLE = YES;
				IPHONEOS_DEPLOYMENT_TARGET = 8.1;
				MTL_ENABLE_DEBUG_INFO = YES;
				ONLY_ACTIVE_ARCH = YES;
				SDKROOT = iphoneos;
				TARGETED_DEVICE_FAMILY = 2;
			};
			name = Debug;
		};
		343246051B6943C4001ACFCA /* Release */ = {
			isa = XCBuildConfiguration;
			buildSettings = {
				ALWAYS_SEARCH_USER_PATHS = NO;
				CLANG_CXX_LANGUAGE_STANDARD = "gnu++0x";
				CLANG_CXX_LIBRARY = "libc++";
				CLANG_ENABLE_MODULES = YES;
				CLANG_ENABLE_OBJC_ARC = YES;
				CLANG_WARN_BOOL_CONVERSION = YES;
				CLANG_WARN_CONSTANT_CONVERSION = YES;
				CLANG_WARN_DIRECT_OBJC_ISA_USAGE = YES_ERROR;
				CLANG_WARN_EMPTY_BODY = YES;
				CLANG_WARN_ENUM_CONVERSION = YES;
				CLANG_WARN_INT_CONVERSION = YES;
				CLANG_WARN_OBJC_ROOT_CLASS = YES_ERROR;
				CLANG_WARN_UNREACHABLE_CODE = YES;
				CLANG_WARN__DUPLICATE_METHOD_MATCH = YES;
				"CODE_SIGN_IDENTITY[sdk=iphoneos*]" = "iPhone Developer";
				COPY_PHASE_STRIP = YES;
				ENABLE_NS_ASSERTIONS = NO;
				ENABLE_STRICT_OBJC_MSGSEND = YES;
				GCC_C_LANGUAGE_STANDARD = gnu99;
				GCC_WARN_64_TO_32_BIT_CONVERSION = YES;
				GCC_WARN_ABOUT_RETURN_TYPE = YES_ERROR;
				GCC_WARN_UNDECLARED_SELECTOR = YES;
				GCC_WARN_UNINITIALIZED_AUTOS = YES_AGGRESSIVE;
				GCC_WARN_UNUSED_FUNCTION = YES;
				GCC_WARN_UNUSED_VARIABLE = YES;
				IPHONEOS_DEPLOYMENT_TARGET = 8.1;
				MTL_ENABLE_DEBUG_INFO = NO;
				SDKROOT = iphoneos;
				TARGETED_DEVICE_FAMILY = 2;
				VALIDATE_PRODUCT = YES;
			};
			name = Release;
		};
		343246071B6943C4001ACFCA /* Debug */ = {
			isa = XCBuildConfiguration;
			buildSettings = {
				ASSETCATALOG_COMPILER_APPICON_NAME = AppIcon;
				INFOPLIST_FILE = WiredAd/Info.plist;
				LD_RUNPATH_SEARCH_PATHS = "$(inherited) @executable_path/Frameworks";
				PRODUCT_NAME = "$(TARGET_NAME)";
			};
			name = Debug;
		};
		343246081B6943C4001ACFCA /* Release */ = {
			isa = XCBuildConfiguration;
			buildSettings = {
				ASSETCATALOG_COMPILER_APPICON_NAME = AppIcon;
				INFOPLIST_FILE = WiredAd/Info.plist;
				LD_RUNPATH_SEARCH_PATHS = "$(inherited) @executable_path/Frameworks";
				PRODUCT_NAME = "$(TARGET_NAME)";
			};
			name = Release;
		};
		3432460A1B6943C4001ACFCA /* Debug */ = {
			isa = XCBuildConfiguration;
			buildSettings = {
				BUNDLE_LOADER = "$(TEST_HOST)";
				FRAMEWORK_SEARCH_PATHS = (
					"$(SDKROOT)/Developer/Library/Frameworks",
					"$(inherited)",
				);
				GCC_PREPROCESSOR_DEFINITIONS = (
					"DEBUG=1",
					"$(inherited)",
				);
				INFOPLIST_FILE = WiredAdTests/Info.plist;
				LD_RUNPATH_SEARCH_PATHS = "$(inherited) @executable_path/Frameworks @loader_path/Frameworks";
				PRODUCT_NAME = "$(TARGET_NAME)";
				TEST_HOST = "$(BUILT_PRODUCTS_DIR)/WiredAd.app/WiredAd";
			};
			name = Debug;
		};
		3432460B1B6943C4001ACFCA /* Release */ = {
			isa = XCBuildConfiguration;
			buildSettings = {
				BUNDLE_LOADER = "$(TEST_HOST)";
				FRAMEWORK_SEARCH_PATHS = (
					"$(SDKROOT)/Developer/Library/Frameworks",
					"$(inherited)",
				);
				INFOPLIST_FILE = WiredAdTests/Info.plist;
				LD_RUNPATH_SEARCH_PATHS = "$(inherited) @executable_path/Frameworks @loader_path/Frameworks";
				PRODUCT_NAME = "$(TARGET_NAME)";
				TEST_HOST = "$(BUILT_PRODUCTS_DIR)/WiredAd.app/WiredAd";
			};
			name = Release;
		};
/* End XCBuildConfiguration section */

/* Begin XCConfigurationList section */
		343245DE1B6943C4001ACFCA /* Build configuration list for PBXProject "WiredAd" */ = {
			isa = XCConfigurationList;
			buildConfigurations = (
				343246041B6943C4001ACFCA /* Debug */,
				343246051B6943C4001ACFCA /* Release */,
			);
			defaultConfigurationIsVisible = 0;
			defaultConfigurationName = Release;
		};
		343246061B6943C4001ACFCA /* Build configuration list for PBXNativeTarget "WiredAd" */ = {
			isa = XCConfigurationList;
			buildConfigurations = (
				343246071B6943C4001ACFCA /* Debug */,
				343246081B6943C4001ACFCA /* Release */,
			);
			defaultConfigurationIsVisible = 0;
			defaultConfigurationName = Release;
		};
		343246091B6943C4001ACFCA /* Build configuration list for PBXNativeTarget "WiredAdTests" */ = {
			isa = XCConfigurationList;
			buildConfigurations = (
				3432460A1B6943C4001ACFCA /* Debug */,
				3432460B1B6943C4001ACFCA /* Release */,
			);
			defaultConfigurationIsVisible = 0;
			defaultConfigurationName = Release;
		};
/* End XCConfigurationList section */
	};
	rootObject = 343245DB1B6943C4001ACFCA /* Project object */;
}
